{
  "name": "madlogic-learning-core",
  "version": "0.1.0-alpha.0",
  "lockfileVersion": 3,
  "requires": true,
  "packages": {
    "": {
      "name": "madlogic-learning-core",
      "version": "0.1.0-alpha.0",
      "license": "Apache-2.0",
      "workspaces": [
        "packages/*",
        "examples/*"
      ],
      "engines": {
        "node": ">=22"
      }
    },
    "examples/astro-cloudflare-supabase": {
      "name": "@madlogic-learning/example-astro-cloudflare-supabase",
      "version": "0.1.0-alpha.0",
      "dependencies": {
        "@madlogic-learning/cloudflare": "0.1.0-alpha.0",
        "@madlogic-learning/core": "0.1.0-alpha.0",
        "@madlogic-learning/postgres": "0.1.0-alpha.0"
      }
    },
    "node_modules/@madlogic-learning/cloudflare": {
      "resolved": "packages/cloudflare",
      "link": true
    },
    "node_modules/@madlogic-learning/core": {
      "resolved": "packages/core",
      "link": true
    },
    "node_modules/@madlogic-learning/example-astro-cloudflare-supabase": {
      "resolved": "examples/astro-cloudflare-supabase",
      "link": true
    },
    "node_modules/@madlogic-learning/postgres": {
      "resolved": "packages/postgres",
      "link": true
    },
    "packages/cloudflare": {
      "name": "@madlogic-learning/cloudflare",
      "version": "0.1.0-alpha.0",
      "license": "Apache-2.0",
      "dependencies": {
        "@madlogic-learning/core": "0.1.0-alpha.0"
      }
    },
    "packages/core": {
      "name": "@madlogic-learning/core",
      "version": "0.1.0-alpha.0",
      "license": "Apache-2.0"
    },
    "packages/postgres": {
      "name": "@madlogic-learning/postgres",
      "version": "0.1.0-alpha.0",
      "license": "Apache-2.0",
      "dependencies": {
        "@madlogic-learning/core": "0.1.0-alpha.0"
      }
    }
  }
}
